{
  "name": "@cryptoalgebra/integral-base-plugin",
  "version": "1.1.0",
  "lockfileVersion": 3,
  "requires": true,
  "packages": {
    "": {
      "name": "@cryptoalgebra/integral-base-plugin",
      "version": "1.1.0",
      "license": "GPL-2.0-or-later",
      "dependencies": {
        "@cryptoalgebra/algebra-modular-hub-v0.8.20": "0.1.6"
      },
      "engines": {
        "node": ">=16.0.0",
        "npm": ">=8.0.0"
      }
    },
    "../core": {
      "name": "@cryptoalgebra/integral-core",
      "version": "1.1.0",
      "license": "GPL-2.0-or-later",
      "dependencies": {
        "@openzeppelin/contracts": "4.9.3"
      },
      "engines": {
        "node": ">=16.0.0",
        "npm": ">=8.0.0"
      }
    },
    "../core/node_modules/@openzeppelin/contracts": {
      "version": "4.9.3",
      "license": "MIT"
    },
    "../periphery": {
      "name": "@cryptoalgebra/integral-periphery",
      "version": "1.0.0",
      "extraneous": true,
      "license": "GPL-2.0-or-later",
      "dependencies": {
        "@cryptoalgebra/integral-core": "1.0.0",
        "@openzeppelin/contracts": "4.9.3",
        "@uniswap/v2-core": "1.0.1"
      },
      "devDependencies": {
        "is-svg": "^4.3.1"
      },
      "engines": {
        "node": ">=14.0.0",
        "npm": ">=8.0.0"
      }
    },
    "node_modules/@cryptoalgebra/algebra-modular-hub-v0.8.20": {
      "version": "0.1.6",
      "resolved": "https://registry.npmjs.org/@cryptoalgebra/algebra-modular-hub-v0.8.20/-/algebra-modular-hub-v0.8.20-0.1.6.tgz",
      "integrity": "sha512-f3aUZRGM45+r5Wo7MpLtZQzWH1fJladwsM9o8PL+LnkNNhOSzxlsfQSlajEO/jefsQdPTNUN10SU65cMeAC15g==",
      "dependencies": {
        "@cryptoalgebra/integral-core": "^1.0.0"
      }
    },
    "node_modules/@cryptoalgebra/integral-core": {
      "resolved": "../core",
      "link": true
    }
  }
}
