{
  "name": "@cryptoalgebra/integral-base-plugin",
  "version": "1.2.1",
  "lockfileVersion": 3,
  "requires": true,
  "packages": {
    "": {
      "name": "@cryptoalgebra/integral-base-plugin",
      "version": "1.2.1",
      "license": "GPL-2.0-or-later",
      "dependencies": {
        "@cryptoalgebra/integral-core": "1.2.1"
      },
      "engines": {
        "node": ">=16.0.0",
        "npm": ">=8.0.0"
      }
    },
    "../periphery": {
      "name": "@cryptoalgebra/integral-periphery",
      "version": "1.2.1",
      "extraneous": true,
      "license": "GPL-2.0-or-later",
      "dependencies": {
        "@cryptoalgebra/integral-core": "1.2.1",
        "@openzeppelin/contracts": "4.9.3",
        "@uniswap/v2-core": "1.0.1"
      },
      "devDependencies": {
        "is-svg": "^4.3.1"
      },
      "engines": {
        "node": ">=16.0.0",
        "npm": ">=8.0.0"
      }
    },
    "node_modules/@cryptoalgebra/integral-core": {
      "version": "1.2.1",
      "resolved": "https://registry.npmjs.org/@cryptoalgebra/integral-core/-/integral-core-1.2.1.tgz",
      "integrity": "sha512-+Lj7y2ZqpJ58fNtqTRvrMv/HPcyqNkMpINu9LQK6/iMDePmzNoywogLLiGU34MlxAaGEwO6XNWM7ENq/YzzZzA==",
      "dependencies": {
        "@openzeppelin/contracts": "4.9.3"
      },
      "engines": {
        "node": ">=16.0.0",
        "npm": ">=8.0.0"
      }
    },
    "node_modules/@openzeppelin/contracts": {
      "version": "4.9.3",
      "resolved": "https://registry.npmjs.org/@openzeppelin/contracts/-/contracts-4.9.3.tgz",
      "integrity": "sha512-He3LieZ1pP2TNt5JbkPA4PNT9WC3gOTOlDcFGJW4Le4QKqwmiNJCRt44APfxMxvq7OugU/cqYuPcSBzOw38DAg=="
    }
  }
}
