{
  "name": "@cryptoalgebra/integral-base-plugin",
  "version": "1.0.0",
  "lockfileVersion": 3,
  "requires": true,
  "packages": {
    "": {
      "name": "@cryptoalgebra/integral-base-plugin",
      "version": "1.0.0",
      "license": "GPL-2.0-or-later",
      "dependencies": {
        "@cryptoalgebra/algebra-modular-hub-v0.8.20": "0.1.2",
        "@cryptoalgebra/integral-core": "1.0.0",
        "@cryptoalgebra/integral-periphery": "1.0.0"
      },
      "engines": {
        "node": ">=14.0.0",
        "npm": ">=8.0.0"
      }
    },
    "../core": {
      "name": "@cryptoalgebra/integral-core",
      "version": "1.0.0",
      "license": "GPL-2.0-or-later",
      "dependencies": {
        "@openzeppelin/contracts": "4.9.3"
      },
      "engines": {
        "node": ">=14.0.0",
        "npm": ">=8.0.0"
      }
    },
    "../core/node_modules/@openzeppelin/contracts": {
      "version": "4.9.3",
      "license": "MIT"
    },
    "../periphery": {
      "name": "@cryptoalgebra/integral-periphery",
      "version": "1.0.0",
      "extraneous": true,
      "license": "GPL-2.0-or-later",
      "dependencies": {
        "@cryptoalgebra/integral-core": "1.0.0",
        "@openzeppelin/contracts": "4.9.3",
        "@uniswap/v2-core": "1.0.1"
      },
      "devDependencies": {
        "is-svg": "^4.3.1"
      },
      "engines": {
        "node": ">=14.0.0",
        "npm": ">=8.0.0"
      }
    },
    "node_modules/@cryptoalgebra/algebra-modular-hub-v0.8.20": {
      "version": "0.1.2",
      "resolved": "https://registry.npmjs.org/@cryptoalgebra/algebra-modular-hub-v0.8.20/-/algebra-modular-hub-v0.8.20-0.1.2.tgz",
      "integrity": "sha512-DAl2yJQPnVUpYTDg15d66OKeKJTjwF8WqFI79TpSGr/FiRPNXf7rS5KmBjSOw2rbApeSVLUNvOaRigtKqUxq1g==",
      "dependencies": {
        "@cryptoalgebra/integral-core": "^1.0.0"
      }
    },
    "node_modules/@cryptoalgebra/integral-core": {
      "resolved": "../core",
      "link": true
    },
    "node_modules/@cryptoalgebra/integral-periphery": {
      "version": "1.0.0",
      "resolved": "https://registry.npmjs.org/@cryptoalgebra/integral-periphery/-/integral-periphery-1.0.0.tgz",
      "integrity": "sha512-nYez6ISd2/MGKK2FMKH6RCBNjtX6naVjk1PCs90amcyheb4ngkK0QdYa/+feC0aXxTK/iSjww7ZjgqBhbX9/6g==",
      "dependencies": {
        "@cryptoalgebra/integral-core": "1.0.0",
        "@openzeppelin/contracts": "4.9.3",
        "@uniswap/v2-core": "1.0.1"
      },
      "engines": {
        "node": ">=14.0.0",
        "npm": ">=8.0.0"
      }
    },
    "node_modules/@openzeppelin/contracts": {
      "version": "4.9.3",
      "resolved": "https://registry.npmjs.org/@openzeppelin/contracts/-/contracts-4.9.3.tgz",
      "integrity": "sha512-He3LieZ1pP2TNt5JbkPA4PNT9WC3gOTOlDcFGJW4Le4QKqwmiNJCRt44APfxMxvq7OugU/cqYuPcSBzOw38DAg=="
    },
    "node_modules/@uniswap/v2-core": {
      "version": "1.0.1",
      "resolved": "https://registry.npmjs.org/@uniswap/v2-core/-/v2-core-1.0.1.tgz",
      "integrity": "sha512-MtybtkUPSyysqLY2U210NBDeCHX+ltHt3oADGdjqoThZaFRDKwM6k1Nb3F0A3hk5hwuQvytFWhrWHOEq6nVJ8Q==",
      "engines": {
        "node": ">=10"
      }
    }
  }
}
