{
  "name": "@cryptoalgebra/integral-farming",
  "version": "1.1.0",
  "lockfileVersion": 3,
  "requires": true,
  "packages": {
    "": {
      "name": "@cryptoalgebra/integral-farming",
      "version": "1.1.0",
      "license": "GPL-3.0-or-later",
      "dependencies": {
        "@cryptoalgebra/algebra-modular-hub-v0.8.20": "0.1.5",
        "@openzeppelin/contracts": "4.9.3"
      },
      "devDependencies": {
        "@types/lodash": "^4.14.170",
        "lodash": "^4.17.21"
      },
      "engines": {
        "node": ">=16.0.0",
        "npm": ">=8.0.0"
      }
    },
    "node_modules/@cryptoalgebra/algebra-modular-hub-v0.8.20": {
      "version": "0.1.5",
      "resolved": "https://registry.npmjs.org/@cryptoalgebra/algebra-modular-hub-v0.8.20/-/algebra-modular-hub-v0.8.20-0.1.5.tgz",
      "integrity": "sha512-mITi43mf0BJTzOvhpHxGw+FcIIx2/nI/yIySp6Dpy2QB7EKo1+WrKkMiBh57cAAa6ocDbgmn8VkKsPPxF4Mc2w==",
      "dependencies": {
        "@cryptoalgebra/integral-core": "^1.0.0"
      }
    },
    "node_modules/@cryptoalgebra/integral-core": {
      "version": "1.1.0",
      "resolved": "https://registry.npmjs.org/@cryptoalgebra/integral-core/-/integral-core-1.1.0.tgz",
      "integrity": "sha512-SESM8dIrNd2vkLsiYDBZxewmsz4ZyhfuVIe2SNTCCayl14W2dUbZ1y4qWRqSZ6JPKIFOHdrdLoNk+fFIC7Ukvg==",
      "dependencies": {
        "@openzeppelin/contracts": "4.9.3"
      },
      "engines": {
        "node": ">=16.0.0",
        "npm": ">=8.0.0"
      }
    },
    "node_modules/@openzeppelin/contracts": {
      "version": "4.9.3",
      "resolved": "https://registry.npmjs.org/@openzeppelin/contracts/-/contracts-4.9.3.tgz",
      "integrity": "sha512-He3LieZ1pP2TNt5JbkPA4PNT9WC3gOTOlDcFGJW4Le4QKqwmiNJCRt44APfxMxvq7OugU/cqYuPcSBzOw38DAg=="
    },
    "node_modules/@types/lodash": {
      "version": "4.14.202",
      "resolved": "https://registry.npmjs.org/@types/lodash/-/lodash-4.14.202.tgz",
      "integrity": "sha512-OvlIYQK9tNneDlS0VN54LLd5uiPCBOp7gS5Z0f1mjoJYBrtStzgmJBxONW3U6OZqdtNzZPmn9BS/7WI7BFFcFQ==",
      "dev": true
    },
    "node_modules/lodash": {
      "version": "4.17.21",
      "resolved": "https://registry.npmjs.org/lodash/-/lodash-4.17.21.tgz",
      "integrity": "sha512-v2kDEe57lecTulaDIuNTPy3Ry4gLGJ6Z1O3vE1krgXZNrsQ+LFTGHVxVjcXPs17LhbZVGedAJv8XZ1tvj5FvSg==",
      "dev": true
    }
  }
}
