{
  "name": "algebra-periphery",
  "version": "1.0.0",
  "lockfileVersion": 2,
  "requires": true,
  "packages": {
    "": {
      "name": "algebra-periphery",
      "version": "1.0.0",
      "license": "GPL-2.0-or-later",
      "dependencies": {
        "@openzeppelin/contracts": "3.4.1-solc-0.7-2",
        "@uniswap/v2-core": "1.0.1",
        "algebra": "file:../core",
        "base64-sol": "1.0.1",
        "root": "file:../.."
      },
      "devDependencies": {
        "is-svg": "^4.3.1"
      },
      "engines": {
        "node": ">=14.0.0",
        "npm": ">=8.0.0"
      }
    },
    "../..": {
      "name": "root",
      "hasInstallScript": true,
      "dependencies": {
        "@ethersproject/solidity": "^5.4.0"
      },
      "devDependencies": {
        "@nomiclabs/hardhat-ethers": "^2.0.2",
        "@nomiclabs/hardhat-etherscan": "^2.1.4",
        "@nomiclabs/hardhat-waffle": "^2.0.1",
        "@typechain/ethers-v5": "^7.0.0",
        "@typechain/hardhat": "^2.0.1",
        "@types/chai": "^4.2.6",
        "@types/console-log-level": "^1.4.0",
        "@types/mocha": "^5.2.7",
        "chai": "^4.2.0",
        "console-log-level": "^1.4.1",
        "decimal.js": "^10.2.1",
        "dotenv": "^10.0.0",
        "ethereum-waffle": "^3.0.2",
        "ethers": "^5.0.8",
        "hardhat": "2.6.5",
        "hardhat-contract-sizer": "^2.0.3",
        "hardhat-watcher": "^2.1.1",
        "husky": "^7.0.2",
        "lerna": "^4.0.0",
        "mocha": "^6.2.2",
        "mocha-chai-jest-snapshot": "^1.1.0",
        "prettier": "^2.4.1",
        "prettier-check": "^2.0.0",
        "prettier-plugin-solidity": "^1.0.0-beta.18",
        "pretty-quick": "^3.1.1",
        "solhint": "^3.3.6",
        "solhint-plugin-prettier": "^0.0.5",
        "solidity-coverage": "^0.7.16",
        "ts-generator": "^0.1.1",
        "ts-node": "^8.5.4",
        "typechain": "^5.0.0",
        "typescript": "^4.3.2"
      },
      "engines": {
        "node": ">=14.0.0",
        "npm": ">=8.0.0"
      }
    },
    "../core": {
      "version": "1.0.0",
      "license": "GPL-2.0-or-later",
      "engines": {
        "node": ">=14.0.0",
        "npm": ">=8.0.0"
      }
    },
    "node_modules/@openzeppelin/contracts": {
      "version": "3.4.1-solc-0.7-2",
      "resolved": "https://registry.npmjs.org/@openzeppelin/contracts/-/contracts-3.4.1-solc-0.7-2.tgz",
      "integrity": "sha512-tAG9LWg8+M2CMu7hIsqHPaTyG4uDzjr6mhvH96LvOpLZZj6tgzTluBt+LsCf1/QaYrlis6pITvpIaIhE+iZB+Q=="
    },
    "node_modules/@uniswap/v2-core": {
      "version": "1.0.1",
      "resolved": "https://registry.npmjs.org/@uniswap/v2-core/-/v2-core-1.0.1.tgz",
      "integrity": "sha512-MtybtkUPSyysqLY2U210NBDeCHX+ltHt3oADGdjqoThZaFRDKwM6k1Nb3F0A3hk5hwuQvytFWhrWHOEq6nVJ8Q==",
      "engines": {
        "node": ">=10"
      }
    },
    "node_modules/algebra": {
      "resolved": "../core",
      "link": true
    },
    "node_modules/base64-sol": {
      "version": "1.0.1",
      "resolved": "https://registry.npmjs.org/base64-sol/-/base64-sol-1.0.1.tgz",
      "integrity": "sha512-ld3cCNMeXt4uJXmLZBHFGMvVpK9KsLVEhPpFRXnvSVAqABKbuNZg/+dsq3NuM+wxFLb/UrVkz7m1ciWmkMfTbg=="
    },
    "node_modules/fast-xml-parser": {
      "version": "3.21.1",
      "resolved": "https://registry.npmjs.org/fast-xml-parser/-/fast-xml-parser-3.21.1.tgz",
      "integrity": "sha512-FTFVjYoBOZTJekiUsawGsSYV9QL0A+zDYCRj7y34IO6Jg+2IMYEtQa+bbictpdpV8dHxXywqU7C0gRDEOFtBFg==",
      "dev": true,
      "dependencies": {
        "strnum": "^1.0.4"
      },
      "bin": {
        "xml2js": "cli.js"
      },
      "funding": {
        "type": "paypal",
        "url": "https://paypal.me/naturalintelligence"
      }
    },
    "node_modules/is-svg": {
      "version": "4.3.2",
      "resolved": "https://registry.npmjs.org/is-svg/-/is-svg-4.3.2.tgz",
      "integrity": "sha512-mM90duy00JGMyjqIVHu9gNTjywdZV+8qNasX8cm/EEYZ53PHDgajvbBwNVvty5dwSAxLUD3p3bdo+7sR/UMrpw==",
      "dev": true,
      "dependencies": {
        "fast-xml-parser": "^3.19.0"
      },
      "engines": {
        "node": ">=6"
      },
      "funding": {
        "url": "https://github.com/sponsors/sindresorhus"
      }
    },
    "node_modules/root": {
      "resolved": "../..",
      "link": true
    },
    "node_modules/strnum": {
      "version": "1.0.4",
      "resolved": "https://registry.npmjs.org/strnum/-/strnum-1.0.4.tgz",
      "integrity": "sha512-lMzNMfDpaQOLt4B2mEbfzYS0+T7dvCXeojnlGf6f1AygvWDMcWyXYaLbyICfjVu29sErR8fnRagQfBW/N/hGgw==",
      "dev": true
    }
  },
  "dependencies": {
    "@openzeppelin/contracts": {
      "version": "3.4.1-solc-0.7-2",
      "resolved": "https://registry.npmjs.org/@openzeppelin/contracts/-/contracts-3.4.1-solc-0.7-2.tgz",
      "integrity": "sha512-tAG9LWg8+M2CMu7hIsqHPaTyG4uDzjr6mhvH96LvOpLZZj6tgzTluBt+LsCf1/QaYrlis6pITvpIaIhE+iZB+Q=="
    },
    "@uniswap/v2-core": {
      "version": "1.0.1",
      "resolved": "https://registry.npmjs.org/@uniswap/v2-core/-/v2-core-1.0.1.tgz",
      "integrity": "sha512-MtybtkUPSyysqLY2U210NBDeCHX+ltHt3oADGdjqoThZaFRDKwM6k1Nb3F0A3hk5hwuQvytFWhrWHOEq6nVJ8Q=="
    },
    "algebra": {
      "version": "file:../core"
    },
    "base64-sol": {
      "version": "1.0.1",
      "resolved": "https://registry.npmjs.org/base64-sol/-/base64-sol-1.0.1.tgz",
      "integrity": "sha512-ld3cCNMeXt4uJXmLZBHFGMvVpK9KsLVEhPpFRXnvSVAqABKbuNZg/+dsq3NuM+wxFLb/UrVkz7m1ciWmkMfTbg=="
    },
    "fast-xml-parser": {
      "version": "3.21.1",
      "resolved": "https://registry.npmjs.org/fast-xml-parser/-/fast-xml-parser-3.21.1.tgz",
      "integrity": "sha512-FTFVjYoBOZTJekiUsawGsSYV9QL0A+zDYCRj7y34IO6Jg+2IMYEtQa+bbictpdpV8dHxXywqU7C0gRDEOFtBFg==",
      "dev": true,
      "requires": {
        "strnum": "^1.0.4"
      }
    },
    "is-svg": {
      "version": "4.3.2",
      "resolved": "https://registry.npmjs.org/is-svg/-/is-svg-4.3.2.tgz",
      "integrity": "sha512-mM90duy00JGMyjqIVHu9gNTjywdZV+8qNasX8cm/EEYZ53PHDgajvbBwNVvty5dwSAxLUD3p3bdo+7sR/UMrpw==",
      "dev": true,
      "requires": {
        "fast-xml-parser": "^3.19.0"
      }
    },
    "root": {
      "version": "file:../..",
      "requires": {
        "@ethersproject/solidity": "^5.4.0",
        "@nomiclabs/hardhat-ethers": "^2.0.2",
        "@nomiclabs/hardhat-etherscan": "^2.1.4",
        "@nomiclabs/hardhat-waffle": "^2.0.1",
        "@typechain/ethers-v5": "^7.0.0",
        "@typechain/hardhat": "^2.0.1",
        "@types/chai": "^4.2.6",
        "@types/console-log-level": "^1.4.0",
        "@types/mocha": "^5.2.7",
        "chai": "^4.2.0",
        "console-log-level": "^1.4.1",
        "decimal.js": "^10.2.1",
        "dotenv": "^10.0.0",
        "ethereum-waffle": "^3.0.2",
        "ethers": "^5.0.8",
        "hardhat": "2.6.5",
        "hardhat-contract-sizer": "^2.0.3",
        "hardhat-watcher": "^2.1.1",
        "husky": "^7.0.2",
        "lerna": "^4.0.0",
        "mocha": "^6.2.2",
        "mocha-chai-jest-snapshot": "^1.1.0",
        "prettier": "^2.4.1",
        "prettier-check": "^2.0.0",
        "prettier-plugin-solidity": "^1.0.0-beta.18",
        "pretty-quick": "^3.1.1",
        "solhint": "^3.3.6",
        "solhint-plugin-prettier": "^0.0.5",
        "solidity-coverage": "^0.7.16",
        "ts-generator": "^0.1.1",
        "ts-node": "^8.5.4",
        "typechain": "^5.0.0",
        "typescript": "^4.3.2"
      }
    },
    "strnum": {
      "version": "1.0.4",
      "resolved": "https://registry.npmjs.org/strnum/-/strnum-1.0.4.tgz",
      "integrity": "sha512-lMzNMfDpaQOLt4B2mEbfzYS0+T7dvCXeojnlGf6f1AygvWDMcWyXYaLbyICfjVu29sErR8fnRagQfBW/N/hGgw==",
      "dev": true
    }
  }
}
