{
  "name": "algebra-periphery",
  "version": "1.0.0",
  "lockfileVersion": 1,
  "requires": true,
  "dependencies": {
    "@openzeppelin/contracts": {
      "version": "3.4.1-solc-0.7-2",
      "resolved": "https://registry.npmjs.org/@openzeppelin/contracts/-/contracts-3.4.1-solc-0.7-2.tgz",
      "integrity": "sha512-tAG9LWg8+M2CMu7hIsqHPaTyG4uDzjr6mhvH96LvOpLZZj6tgzTluBt+LsCf1/QaYrlis6pITvpIaIhE+iZB+Q=="
    },
    "@uniswap/v2-core": {
      "version": "1.0.1",
      "resolved": "https://registry.npmjs.org/@uniswap/v2-core/-/v2-core-1.0.1.tgz",
      "integrity": "sha512-MtybtkUPSyysqLY2U210NBDeCHX+ltHt3oADGdjqoThZaFRDKwM6k1Nb3F0A3hk5hwuQvytFWhrWHOEq6nVJ8Q=="
    },
    "base64-sol": {
      "version": "1.0.1",
      "resolved": "https://registry.npmjs.org/base64-sol/-/base64-sol-1.0.1.tgz",
      "integrity": "sha512-ld3cCNMeXt4uJXmLZBHFGMvVpK9KsLVEhPpFRXnvSVAqABKbuNZg/+dsq3NuM+wxFLb/UrVkz7m1ciWmkMfTbg=="
    },
    "fast-xml-parser": {
      "version": "3.20.3",
      "resolved": "https://registry.npmjs.org/fast-xml-parser/-/fast-xml-parser-3.20.3.tgz",
      "integrity": "sha512-FfHJ/QCpo4K2gquBX7dIAcmShSBG4dMtYJ3ghSiR4w7YqlUujuamrM57C+mKLNWS3mvZzmm2B2Qx8Q6Gfw+lDQ==",
      "dev": true,
      "requires": {
        "strnum": "^1.0.4"
      }
    },
    "is-svg": {
      "version": "4.3.1",
      "resolved": "https://registry.npmjs.org/is-svg/-/is-svg-4.3.1.tgz",
      "integrity": "sha512-h2CGs+yPUyvkgTJQS9cJzo9lYK06WgRiXUqBBHtglSzVKAuH4/oWsqk7LGfbSa1hGk9QcZ0SyQtVggvBA8LZXA==",
      "dev": true,
      "requires": {
        "fast-xml-parser": "^3.19.0"
      }
    },
    "strnum": {
      "version": "1.0.4",
      "resolved": "https://registry.npmjs.org/strnum/-/strnum-1.0.4.tgz",
      "integrity": "sha512-lMzNMfDpaQOLt4B2mEbfzYS0+T7dvCXeojnlGf6f1AygvWDMcWyXYaLbyICfjVu29sErR8fnRagQfBW/N/hGgw==",
      "dev": true
    }
  }
}
