{
  "name": "@cryptoalgebra/integral-periphery",
  "version": "0.2.0",
  "lockfileVersion": 3,
  "requires": true,
  "packages": {
    "": {
      "name": "@cryptoalgebra/integral-periphery",
      "version": "0.2.0",
      "license": "GPL-2.0-or-later",
      "dependencies": {
        "@openzeppelin/contracts": "4.9.3",
        "@uniswap/v2-core": "1.0.1"
      },
      "devDependencies": {
        "is-svg": "^4.3.1"
      },
      "engines": {
        "node": ">=14.0.0",
        "npm": ">=8.0.0"
      }
    },
    "node_modules/@openzeppelin/contracts": {
      "version": "4.9.3",
      "resolved": "https://registry.npmjs.org/@openzeppelin/contracts/-/contracts-4.9.3.tgz",
      "integrity": "sha512-He3LieZ1pP2TNt5JbkPA4PNT9WC3gOTOlDcFGJW4Le4QKqwmiNJCRt44APfxMxvq7OugU/cqYuPcSBzOw38DAg=="
    },
    "node_modules/@uniswap/v2-core": {
      "version": "1.0.1",
      "resolved": "https://registry.npmjs.org/@uniswap/v2-core/-/v2-core-1.0.1.tgz",
      "integrity": "sha512-MtybtkUPSyysqLY2U210NBDeCHX+ltHt3oADGdjqoThZaFRDKwM6k1Nb3F0A3hk5hwuQvytFWhrWHOEq6nVJ8Q==",
      "engines": {
        "node": ">=10"
      }
    },
    "node_modules/fast-xml-parser": {
      "version": "4.2.7",
      "resolved": "https://registry.npmjs.org/fast-xml-parser/-/fast-xml-parser-4.2.7.tgz",
      "integrity": "sha512-J8r6BriSLO1uj2miOk1NW0YVm8AGOOu3Si2HQp/cSmo6EA4m3fcwu2WKjJ4RK9wMLBtg69y1kS8baDiQBR41Ig==",
      "dev": true,
      "funding": [
        {
          "type": "paypal",
          "url": "https://paypal.me/naturalintelligence"
        },
        {
          "type": "github",
          "url": "https://github.com/sponsors/NaturalIntelligence"
        }
      ],
      "dependencies": {
        "strnum": "^1.0.5"
      },
      "bin": {
        "fxparser": "src/cli/cli.js"
      }
    },
    "node_modules/is-svg": {
      "version": "4.4.0",
      "resolved": "https://registry.npmjs.org/is-svg/-/is-svg-4.4.0.tgz",
      "integrity": "sha512-v+AgVwiK5DsGtT9ng+m4mClp6zDAmwrW8nZi6Gg15qzvBnRWWdfWA1TGaXyCDnWq5g5asofIgMVl3PjKxvk1ug==",
      "dev": true,
      "dependencies": {
        "fast-xml-parser": "^4.1.3"
      },
      "engines": {
        "node": ">=6"
      },
      "funding": {
        "url": "https://github.com/sponsors/sindresorhus"
      }
    },
    "node_modules/strnum": {
      "version": "1.0.5",
      "resolved": "https://registry.npmjs.org/strnum/-/strnum-1.0.5.tgz",
      "integrity": "sha512-J8bbNyKKXl5qYcR36TIO8W3mVGVHrmmxsd5PAItGkmyzwJvybiw2IVq5nqd0i4LSNSkB/sx9VHllbfFdr9k1JA==",
      "dev": true
    }
  }
}
